
Microsoft Visual Studio Solution File, Format Version 12.00
# Visual Studio Version 17
VisualStudioVersion = 17.8.34511.84
MinimumVisualStudioVersion = 10.0.40219.1
Project("{FAE04EC0-301F-11D3-BF4B-00C04F79EFBC}") = "MizeRateLimiter", "MizeRateLimiter\MizeRateLimiter.csproj", "{5544D5DE-2844-4958-B23E-F2EF08119576}"
EndProject
Global
	GlobalSection(SolutionConfigurationPlatforms) = preSolution
		Debug|Any CPU = Debug|Any CPU
		Release|Any CPU = Release|Any CPU
	EndGlobalSection
	GlobalSection(ProjectConfigurationPlatforms) = postSolution
		{5544D5DE-2844-4958-B23E-F2EF08119576}.Debug|Any CPU.ActiveCfg = Debug|Any CPU
		{5544D5DE-2844-4958-B23E-F2EF08119576}.Debug|Any CPU.Build.0 = Debug|Any CPU
		{5544D5DE-2844-4958-B23E-F2EF08119576}.Release|Any CPU.ActiveCfg = Release|Any CPU
		{5544D5DE-2844-4958-B23E-F2EF08119576}.Release|Any CPU.Build.0 = Release|Any CPU
	EndGlobalSection
	GlobalSection(SolutionProperties) = preSolution
		HideSolutionNode = FALSE
	EndGlobalSection
	GlobalSection(ExtensibilityGlobals) = postSolution
		SolutionGuid = {21421C2A-629E-4AC9-B3AC-8BC45DC9946F}
	EndGlobalSection
EndGlobal
